
Microsoft Visual Studio Solution File, Format Version 12.00
# Visual Studio Version 17
VisualStudioVersion = 17.4.33122.133
MinimumVisualStudioVersion = 10.0.40219.1
Project("{FAE04EC0-301F-11D3-BF4B-00C04F79EFBC}") = "04112023_HTML", "04112023_HTML\04112023_HTML.csproj", "{CC39AE59-6D03-4C2D-800F-729D2C5AEFFE}"
EndProject
Global
	GlobalSection(SolutionConfigurationPlatforms) = preSolution
		Debug|Any CPU = Debug|Any CPU
		Release|Any CPU = Release|Any CPU
	EndGlobalSection
	GlobalSection(ProjectConfigurationPlatforms) = postSolution
		{CC39AE59-6D03-4C2D-800F-729D2C5AEFFE}.Debug|Any CPU.ActiveCfg = Debug|Any CPU
		{CC39AE59-6D03-4C2D-800F-729D2C5AEFFE}.Debug|Any CPU.Build.0 = Debug|Any CPU
		{CC39AE59-6D03-4C2D-800F-729D2C5AEFFE}.Release|Any CPU.ActiveCfg = Release|Any CPU
		{CC39AE59-6D03-4C2D-800F-729D2C5AEFFE}.Release|Any CPU.Build.0 = Release|Any CPU
	EndGlobalSection
	GlobalSection(SolutionProperties) = preSolution
		HideSolutionNode = FALSE
	EndGlobalSection
	GlobalSection(ExtensibilityGlobals) = postSolution
		SolutionGuid = {4FEA113E-877C-468D-BF61-B59355E11C18}
	EndGlobalSection
EndGlobal
